
Microsoft Visual Studio Solution File, Format Version 12.00
# Visual Studio 14
VisualStudioVersion = 14.0.23107.0
MinimumVisualStudioVersion = 10.0.40219.1
Project("{8BB2217D-0F2D-49D1-97BC-3654ED321F3B}") = "Microsoft.Web.Templates.Tests", "Microsoft.Web.Templates.Tests\Microsoft.Web.Templates.Tests.xproj", "{05C5E8B6-5729-4506-97FF-16570B232040}"
EndProject
Project("{8BB2217D-0F2D-49D1-97BC-3654ED321F3B}") = "Microsoft.Web.Templates.StarterWeb.Tests", "Microsoft.Web.Templates.StarterWeb.Tests\Microsoft.Web.Templates.StarterWeb.Tests.xproj", "{58DD4345-4FAA-4DC2-8C46-3A2A5416184F}"
EndProject
Project("{8BB2217D-0F2D-49D1-97BC-3654ED321F3B}") = "Microsoft.Web.Templates.StarterWeb.IndividualAuth.Tests", "Microsoft.Web.Templates.StarterWeb.IndividualAuth.Tests\Microsoft.Web.Templates.StarterWeb.IndividualAuth.Tests.xproj", "{D066949A-2191-42D4-8E15-DCF296EA81B3}"
EndProject
Project("{8BB2217D-0F2D-49D1-97BC-3654ED321F3B}") = "StarterWeb", "..\artifacts\build\Test\StarterWeb\StarterWeb.xproj", "{80252DCA-8071-4627-931A-3F4B2EB301D1}"
EndProject
Project("{8BB2217D-0F2D-49D1-97BC-3654ED321F3B}") = "StarterWeb.IndividualAuth", "..\artifacts\build\Test\StarterWeb.IndividualAuth\StarterWeb.IndividualAuth.xproj", "{EACE0625-D9C4-4BAD-A2D9-8269FD0ABF84}"
EndProject
Project("{2150E333-8FDC-42A3-9474-1A3956D46DE8}") = "Solution Items", "Solution Items", "{1333106C-0748-4424-8D5C-A3C684128CC6}"
	ProjectSection(SolutionItems) = preProject
		global.json = global.json
	EndProjectSection
EndProject
Project("{8BB2217D-0F2D-49D1-97BC-3654ED321F3B}") = "Microsoft.Web.Templates.WebAPI.Tests", "Microsoft.Web.Templates.WebAPI.Tests\Microsoft.Web.Templates.WebAPI.Tests.xproj", "{C9E76728-AFC6-4AD0-B292-F295100F093A}"
EndProject
Project("{8BB2217D-0F2D-49D1-97BC-3654ED321F3B}") = "WebAPI", "..\artifacts\build\Test\WebAPI\WebAPI.xproj", "{2D35BE10-ECC4-4639-96AE-925702B83655}"
EndProject
Project("{8BB2217D-0F2D-49D1-97BC-3654ED321F3B}") = "Microsoft.Web.Templates.EmptyWeb.Tests", "Microsoft.Web.Templates.EmptyWeb.Tests\Microsoft.Web.Templates.EmptyWeb.Tests.xproj", "{DE7BE58B-C565-4060-9686-ECE9F25B5801}"
EndProject
Project("{8BB2217D-0F2D-49D1-97BC-3654ED321F3B}") = "EmptyWeb", "..\artifacts\build\Test\EmptyWeb\EmptyWeb.xproj", "{BEAC15B9-5742-4C8D-9072-4C7B1C916C38}"
EndProject
Project("{8BB2217D-0F2D-49D1-97BC-3654ED321F3B}") = "Microsoft.Web.Templates.StarterWeb.AI.IndividualAuth.Tests", "Microsoft.Web.Templates.StarterWeb.AI.IndividualAuth.Tests\Microsoft.Web.Templates.StarterWeb.AI.IndividualAuth.Tests.xproj", "{A1D15ABD-8D03-4CC1-B689-03622FCD0198}"
EndProject
Project("{8BB2217D-0F2D-49D1-97BC-3654ED321F3B}") = "StarterWeb.AI.IndividualAuth", "..\artifacts\build\Test\StarterWeb.AI.IndividualAuth\StarterWeb.AI.IndividualAuth.xproj", "{C1B949CB-4A32-439E-BDE3-606B74D9CFE2}"
EndProject
Project("{8BB2217D-0F2D-49D1-97BC-3654ED321F3B}") = "Microsoft.Web.Templates.StarterWeb.AI.Tests", "Microsoft.Web.Templates.StarterWeb.AI.Tests\Microsoft.Web.Templates.StarterWeb.AI.Tests.xproj", "{32CA6A9B-9395-4F01-8479-A72C78BA6C76}"
EndProject
Project("{8BB2217D-0F2D-49D1-97BC-3654ED321F3B}") = "StarterWeb.AI", "..\artifacts\build\Test\StarterWeb.AI\StarterWeb.AI.xproj", "{97AC8FE3-B735-486D-BC92-E41C361BB1F6}"
EndProject
Project("{8BB2217D-0F2D-49D1-97BC-3654ED321F3B}") = "Microsoft.Web.Templates.WebAPI.AI.Tests", "Microsoft.Web.Templates.WebAPI.AI.Tests\Microsoft.Web.Templates.WebAPI.AI.Tests.xproj", "{0A35058E-83E2-4A5C-BF7B-3AACC4F2F44F}"
EndProject
Project("{8BB2217D-0F2D-49D1-97BC-3654ED321F3B}") = "WebAPI.AI", "..\artifacts\build\Test\WebAPI.AI\WebAPI.AI.xproj", "{26693172-B6F1-41F3-A6E4-B67ACF31E0C8}"
EndProject
Global
	GlobalSection(SolutionConfigurationPlatforms) = preSolution
		Debug|Any CPU = Debug|Any CPU
		Release|Any CPU = Release|Any CPU
	EndGlobalSection
	GlobalSection(ProjectConfigurationPlatforms) = postSolution
		{05C5E8B6-5729-4506-97FF-16570B232040}.Debug|Any CPU.ActiveCfg = Debug|Any CPU
		{05C5E8B6-5729-4506-97FF-16570B232040}.Debug|Any CPU.Build.0 = Debug|Any CPU
		{05C5E8B6-5729-4506-97FF-16570B232040}.Release|Any CPU.ActiveCfg = Release|Any CPU
		{05C5E8B6-5729-4506-97FF-16570B232040}.Release|Any CPU.Build.0 = Release|Any CPU
		{58DD4345-4FAA-4DC2-8C46-3A2A5416184F}.Debug|Any CPU.ActiveCfg = Debug|Any CPU
		{58DD4345-4FAA-4DC2-8C46-3A2A5416184F}.Debug|Any CPU.Build.0 = Debug|Any CPU
		{58DD4345-4FAA-4DC2-8C46-3A2A5416184F}.Release|Any CPU.ActiveCfg = Release|Any CPU
		{58DD4345-4FAA-4DC2-8C46-3A2A5416184F}.Release|Any CPU.Build.0 = Release|Any CPU
		{D066949A-2191-42D4-8E15-DCF296EA81B3}.Debug|Any CPU.ActiveCfg = Debug|Any CPU
		{D066949A-2191-42D4-8E15-DCF296EA81B3}.Debug|Any CPU.Build.0 = Debug|Any CPU
		{D066949A-2191-42D4-8E15-DCF296EA81B3}.Release|Any CPU.ActiveCfg = Release|Any CPU
		{D066949A-2191-42D4-8E15-DCF296EA81B3}.Release|Any CPU.Build.0 = Release|Any CPU
		{80252DCA-8071-4627-931A-3F4B2EB301D1}.Debug|Any CPU.ActiveCfg = Debug|Any CPU
		{80252DCA-8071-4627-931A-3F4B2EB301D1}.Debug|Any CPU.Build.0 = Debug|Any CPU
		{80252DCA-8071-4627-931A-3F4B2EB301D1}.Release|Any CPU.ActiveCfg = Release|Any CPU
		{80252DCA-8071-4627-931A-3F4B2EB301D1}.Release|Any CPU.Build.0 = Release|Any CPU
		{EACE0625-D9C4-4BAD-A2D9-8269FD0ABF84}.Debug|Any CPU.ActiveCfg = Debug|Any CPU
		{EACE0625-D9C4-4BAD-A2D9-8269FD0ABF84}.Debug|Any CPU.Build.0 = Debug|Any CPU
		{EACE0625-D9C4-4BAD-A2D9-8269FD0ABF84}.Release|Any CPU.ActiveCfg = Release|Any CPU
		{EACE0625-D9C4-4BAD-A2D9-8269FD0ABF84}.Release|Any CPU.Build.0 = Release|Any CPU
		{C9E76728-AFC6-4AD0-B292-F295100F093A}.Debug|Any CPU.ActiveCfg = Debug|Any CPU
		{C9E76728-AFC6-4AD0-B292-F295100F093A}.Debug|Any CPU.Build.0 = Debug|Any CPU
		{C9E76728-AFC6-4AD0-B292-F295100F093A}.Release|Any CPU.ActiveCfg = Release|Any CPU
		{C9E76728-AFC6-4AD0-B292-F295100F093A}.Release|Any CPU.Build.0 = Release|Any CPU
		{2D35BE10-ECC4-4639-96AE-925702B83655}.Debug|Any CPU.ActiveCfg = Debug|Any CPU
		{2D35BE10-ECC4-4639-96AE-925702B83655}.Debug|Any CPU.Build.0 = Debug|Any CPU
		{2D35BE10-ECC4-4639-96AE-925702B83655}.Release|Any CPU.ActiveCfg = Release|Any CPU
		{2D35BE10-ECC4-4639-96AE-925702B83655}.Release|Any CPU.Build.0 = Release|Any CPU
		{DE7BE58B-C565-4060-9686-ECE9F25B5801}.Debug|Any CPU.ActiveCfg = Debug|Any CPU
		{DE7BE58B-C565-4060-9686-ECE9F25B5801}.Debug|Any CPU.Build.0 = Debug|Any CPU
		{DE7BE58B-C565-4060-9686-ECE9F25B5801}.Release|Any CPU.ActiveCfg = Release|Any CPU
		{DE7BE58B-C565-4060-9686-ECE9F25B5801}.Release|Any CPU.Build.0 = Release|Any CPU
		{BEAC15B9-5742-4C8D-9072-4C7B1C916C38}.Debug|Any CPU.ActiveCfg = Debug|Any CPU
		{BEAC15B9-5742-4C8D-9072-4C7B1C916C38}.Debug|Any CPU.Build.0 = Debug|Any CPU
		{BEAC15B9-5742-4C8D-9072-4C7B1C916C38}.Release|Any CPU.ActiveCfg = Release|Any CPU
		{BEAC15B9-5742-4C8D-9072-4C7B1C916C38}.Release|Any CPU.Build.0 = Release|Any CPU
		{A1D15ABD-8D03-4CC1-B689-03622FCD0198}.Debug|Any CPU.ActiveCfg = Debug|Any CPU
		{A1D15ABD-8D03-4CC1-B689-03622FCD0198}.Debug|Any CPU.Build.0 = Debug|Any CPU
		{A1D15ABD-8D03-4CC1-B689-03622FCD0198}.Release|Any CPU.ActiveCfg = Release|Any CPU
		{A1D15ABD-8D03-4CC1-B689-03622FCD0198}.Release|Any CPU.Build.0 = Release|Any CPU
		{C1B949CB-4A32-439E-BDE3-606B74D9CFE2}.Debug|Any CPU.ActiveCfg = Debug|Any CPU
		{C1B949CB-4A32-439E-BDE3-606B74D9CFE2}.Debug|Any CPU.Build.0 = Debug|Any CPU
		{C1B949CB-4A32-439E-BDE3-606B74D9CFE2}.Release|Any CPU.ActiveCfg = Release|Any CPU
		{C1B949CB-4A32-439E-BDE3-606B74D9CFE2}.Release|Any CPU.Build.0 = Release|Any CPU
		{32CA6A9B-9395-4F01-8479-A72C78BA6C76}.Debug|Any CPU.ActiveCfg = Debug|Any CPU
		{32CA6A9B-9395-4F01-8479-A72C78BA6C76}.Debug|Any CPU.Build.0 = Debug|Any CPU
		{32CA6A9B-9395-4F01-8479-A72C78BA6C76}.Release|Any CPU.ActiveCfg = Release|Any CPU
		{32CA6A9B-9395-4F01-8479-A72C78BA6C76}.Release|Any CPU.Build.0 = Release|Any CPU
		{97AC8FE3-B735-486D-BC92-E41C361BB1F6}.Debug|Any CPU.ActiveCfg = Debug|Any CPU
		{97AC8FE3-B735-486D-BC92-E41C361BB1F6}.Debug|Any CPU.Build.0 = Debug|Any CPU
		{97AC8FE3-B735-486D-BC92-E41C361BB1F6}.Release|Any CPU.ActiveCfg = Release|Any CPU
		{97AC8FE3-B735-486D-BC92-E41C361BB1F6}.Release|Any CPU.Build.0 = Release|Any CPU
		{0A35058E-83E2-4A5C-BF7B-3AACC4F2F44F}.Debug|Any CPU.ActiveCfg = Debug|Any CPU
		{0A35058E-83E2-4A5C-BF7B-3AACC4F2F44F}.Debug|Any CPU.Build.0 = Debug|Any CPU
		{0A35058E-83E2-4A5C-BF7B-3AACC4F2F44F}.Release|Any CPU.ActiveCfg = Release|Any CPU
		{0A35058E-83E2-4A5C-BF7B-3AACC4F2F44F}.Release|Any CPU.Build.0 = Release|Any CPU
		{26693172-B6F1-41F3-A6E4-B67ACF31E0C8}.Debug|Any CPU.ActiveCfg = Debug|Any CPU
		{26693172-B6F1-41F3-A6E4-B67ACF31E0C8}.Debug|Any CPU.Build.0 = Debug|Any CPU
		{26693172-B6F1-41F3-A6E4-B67ACF31E0C8}.Release|Any CPU.ActiveCfg = Release|Any CPU
		{26693172-B6F1-41F3-A6E4-B67ACF31E0C8}.Release|Any CPU.Build.0 = Release|Any CPU
	EndGlobalSection
	GlobalSection(SolutionProperties) = preSolution
		HideSolutionNode = FALSE
	EndGlobalSection
EndGlobal
